
Microsoft Visual Studio Solution File, Format Version 12.00
# Visual Studio 15
VisualStudioVersion = 15.0.28307.421
MinimumVisualStudioVersion = 10.0.40219.1
Project("{FAE04EC0-301F-11D3-BF4B-00C04F79EFBC}") = "BorisaAlargic", "BorisaAlargic\BorisaAlargic.csproj", "{DE26B639-D04D-4DD2-A068-9FB62DF7E399}"
EndProject
Project("{FAE04EC0-301F-11D3-BF4B-00C04F79EFBC}") = "CompositeCommon", "CompositeCommon\CompositeCommon.csproj", "{70DF8072-4F52-42E9-B4F5-8517637B3E07}"
EndProject
Project("{FAE04EC0-301F-11D3-BF4B-00C04F79EFBC}") = "Core", "Core\Core.csproj", "{96CE1252-D450-4A37-B6ED-B875CC3426CB}"
EndProject
Project("{FAE04EC0-301F-11D3-BF4B-00C04F79EFBC}") = "Model", "Model\Model.csproj", "{181B36BD-585C-43AE-A61A-385952676856}"
EndProject
Project("{FAE04EC0-301F-11D3-BF4B-00C04F79EFBC}") = "Persistance", "Persistance\Persistance.csproj", "{22F42FE4-BDE1-4BAD-AB4F-FB582CC67649}"
EndProject
Project("{FAE04EC0-301F-11D3-BF4B-00C04F79EFBC}") = "UI", "UI\UI.csproj", "{D6483F44-D85D-43B1-9111-8A65A98C11C3}"
EndProject
Global
	GlobalSection(SolutionConfigurationPlatforms) = preSolution
		Debug|Any CPU = Debug|Any CPU
		Release|Any CPU = Release|Any CPU
	EndGlobalSection
	GlobalSection(ProjectConfigurationPlatforms) = postSolution
		{DE26B639-D04D-4DD2-A068-9FB62DF7E399}.Debug|Any CPU.ActiveCfg = Debug|Any CPU
		{DE26B639-D04D-4DD2-A068-9FB62DF7E399}.Debug|Any CPU.Build.0 = Debug|Any CPU
		{DE26B639-D04D-4DD2-A068-9FB62DF7E399}.Release|Any CPU.ActiveCfg = Release|Any CPU
		{DE26B639-D04D-4DD2-A068-9FB62DF7E399}.Release|Any CPU.Build.0 = Release|Any CPU
		{70DF8072-4F52-42E9-B4F5-8517637B3E07}.Debug|Any CPU.ActiveCfg = Debug|Any CPU
		{70DF8072-4F52-42E9-B4F5-8517637B3E07}.Debug|Any CPU.Build.0 = Debug|Any CPU
		{70DF8072-4F52-42E9-B4F5-8517637B3E07}.Release|Any CPU.ActiveCfg = Release|Any CPU
		{70DF8072-4F52-42E9-B4F5-8517637B3E07}.Release|Any CPU.Build.0 = Release|Any CPU
		{96CE1252-D450-4A37-B6ED-B875CC3426CB}.Debug|Any CPU.ActiveCfg = Debug|Any CPU
		{96CE1252-D450-4A37-B6ED-B875CC3426CB}.Debug|Any CPU.Build.0 = Debug|Any CPU
		{96CE1252-D450-4A37-B6ED-B875CC3426CB}.Release|Any CPU.ActiveCfg = Release|Any CPU
		{96CE1252-D450-4A37-B6ED-B875CC3426CB}.Release|Any CPU.Build.0 = Release|Any CPU
		{181B36BD-585C-43AE-A61A-385952676856}.Debug|Any CPU.ActiveCfg = Debug|Any CPU
		{181B36BD-585C-43AE-A61A-385952676856}.Debug|Any CPU.Build.0 = Debug|Any CPU
		{181B36BD-585C-43AE-A61A-385952676856}.Release|Any CPU.ActiveCfg = Release|Any CPU
		{181B36BD-585C-43AE-A61A-385952676856}.Release|Any CPU.Build.0 = Release|Any CPU
		{22F42FE4-BDE1-4BAD-AB4F-FB582CC67649}.Debug|Any CPU.ActiveCfg = Debug|Any CPU
		{22F42FE4-BDE1-4BAD-AB4F-FB582CC67649}.Debug|Any CPU.Build.0 = Debug|Any CPU
		{22F42FE4-BDE1-4BAD-AB4F-FB582CC67649}.Release|Any CPU.ActiveCfg = Release|Any CPU
		{22F42FE4-BDE1-4BAD-AB4F-FB582CC67649}.Release|Any CPU.Build.0 = Release|Any CPU
		{D6483F44-D85D-43B1-9111-8A65A98C11C3}.Debug|Any CPU.ActiveCfg = Debug|Any CPU
		{D6483F44-D85D-43B1-9111-8A65A98C11C3}.Debug|Any CPU.Build.0 = Debug|Any CPU
		{D6483F44-D85D-43B1-9111-8A65A98C11C3}.Release|Any CPU.ActiveCfg = Release|Any CPU
		{D6483F44-D85D-43B1-9111-8A65A98C11C3}.Release|Any CPU.Build.0 = Release|Any CPU
	EndGlobalSection
	GlobalSection(SolutionProperties) = preSolution
		HideSolutionNode = FALSE
	EndGlobalSection
	GlobalSection(ExtensibilityGlobals) = postSolution
		SolutionGuid = {E7D7F301-3196-4303-ABE0-118D4CC75728}
	EndGlobalSection
EndGlobal
